
Microsoft Visual Studio Solution File, Format Version 12.00
# Visual Studio Version 16
VisualStudioVersion = 16.0.31019.35
MinimumVisualStudioVersion = 10.0.40219.1
Project("{FAE04EC0-301F-11D3-BF4B-00C04F79EFBC}") = "ExerciciosL", "ExerciciosL\ExerciciosL.csproj", "{B59C8E4D-DBE2-4085-B3D5-80A185379E28}"
EndProject
Global
	GlobalSection(SolutionConfigurationPlatforms) = preSolution
		Debug|Any CPU = Debug|Any CPU
		Release|Any CPU = Release|Any CPU
	EndGlobalSection
	GlobalSection(ProjectConfigurationPlatforms) = postSolution
		{B59C8E4D-DBE2-4085-B3D5-80A185379E28}.Debug|Any CPU.ActiveCfg = Debug|Any CPU
		{B59C8E4D-DBE2-4085-B3D5-80A185379E28}.Debug|Any CPU.Build.0 = Debug|Any CPU
		{B59C8E4D-DBE2-4085-B3D5-80A185379E28}.Release|Any CPU.ActiveCfg = Release|Any CPU
		{B59C8E4D-DBE2-4085-B3D5-80A185379E28}.Release|Any CPU.Build.0 = Release|Any CPU
	EndGlobalSection
	GlobalSection(SolutionProperties) = preSolution
		HideSolutionNode = FALSE
	EndGlobalSection
	GlobalSection(ExtensibilityGlobals) = postSolution
		SolutionGuid = {C8DC512B-9B75-47A9-84A4-4FE05CFFD89C}
	EndGlobalSection
EndGlobal
